
Microsoft Visual Studio Solution File, Format Version 12.00
# Visual Studio Express 15 for Windows Desktop
VisualStudioVersion = 15.0.28307.1062
MinimumVisualStudioVersion = 10.0.40219.1
Project("{8BC9CEB8-8B4A-11D0-8D11-00A0C91BC942}") = "recursiveBinarySearch", "recursiveBinarySearch\recursiveBinarySearch.vcxproj", "{F610613F-9051-4EC2-AF3A-BBF0F632100D}"
EndProject
Global
	GlobalSection(SolutionConfigurationPlatforms) = preSolution
		Debug|x64 = Debug|x64
		Debug|x86 = Debug|x86
		Release|x64 = Release|x64
		Release|x86 = Release|x86
	EndGlobalSection
	GlobalSection(ProjectConfigurationPlatforms) = postSolution
		{F610613F-9051-4EC2-AF3A-BBF0F632100D}.Debug|x64.ActiveCfg = Debug|x64
		{F610613F-9051-4EC2-AF3A-BBF0F632100D}.Debug|x64.Build.0 = Debug|x64
		{F610613F-9051-4EC2-AF3A-BBF0F632100D}.Debug|x86.ActiveCfg = Debug|Win32
		{F610613F-9051-4EC2-AF3A-BBF0F632100D}.Debug|x86.Build.0 = Debug|Win32
		{F610613F-9051-4EC2-AF3A-BBF0F632100D}.Release|x64.ActiveCfg = Release|x64
		{F610613F-9051-4EC2-AF3A-BBF0F632100D}.Release|x64.Build.0 = Release|x64
		{F610613F-9051-4EC2-AF3A-BBF0F632100D}.Release|x86.ActiveCfg = Release|Win32
		{F610613F-9051-4EC2-AF3A-BBF0F632100D}.Release|x86.Build.0 = Release|Win32
	EndGlobalSection
	GlobalSection(SolutionProperties) = preSolution
		HideSolutionNode = FALSE
	EndGlobalSection
	GlobalSection(ExtensibilityGlobals) = postSolution
		SolutionGuid = {15DC5E56-03D4-4387-BC66-5B782072BF4A}
	EndGlobalSection
EndGlobal
